// !$*UTF8*$!
{
	archiveVersion = 1;
	classes = {
	};
	objectVersion = 50;
	objects = {

/* Begin PBXBuildFile section */
		F33EE9B4232B9BE000C4BAF1 /* BadgeBackground.swift in Sources */ = {isa = PBXBuildFile; fileRef = F33EE9B3232B9BE000C4BAF1 /* BadgeBackground.swift */; };
		F33EE9B6232B9C4B00C4BAF1 /* Badge.swift in Sources */ = {isa = PBXBuildFile; fileRef = F33EE9B5232B9C4B00C4BAF1 /* Badge.swift */; };
		F33EE9B8232B9CDD00C4BAF1 /* BadgeSymbol.swift in Sources */ = {isa = PBXBuildFile; fileRef = F33EE9B7232B9CDD00C4BAF1 /* BadgeSymbol.swift */; };
		F33EE9BB232BA88500C4BAF1 /* Colors.xcassets in Resources */ = {isa = PBXBuildFile; fileRef = F33EE9BA232BA88500C4BAF1 /* Colors.xcassets */; };
		F33EE9BD232BBBDF00C4BAF1 /* RotatedBadgeSymbol.swift in Sources */ = {isa = PBXBuildFile; fileRef = F33EE9BC232BBBDF00C4BAF1 /* RotatedBadgeSymbol.swift */; };
		F373710123289490005B80D5 /* AppDelegate.swift in Sources */ = {isa = PBXBuildFile; fileRef = F373710023289490005B80D5 /* AppDelegate.swift */; };
		F373710323289490005B80D5 /* SceneDelegate.swift in Sources */ = {isa = PBXBuildFile; fileRef = F373710223289490005B80D5 /* SceneDelegate.swift */; };
		F373710523289490005B80D5 /* LandmarkDetail.swift in Sources */ = {isa = PBXBuildFile; fileRef = F373710423289490005B80D5 /* LandmarkDetail.swift */; };
		F373710723289493005B80D5 /* Assets.xcassets in Resources */ = {isa = PBXBuildFile; fileRef = F373710623289493005B80D5 /* Assets.xcassets */; };
		F373710A23289493005B80D5 /* Preview Assets.xcassets in Resources */ = {isa = PBXBuildFile; fileRef = F373710923289493005B80D5 /* Preview Assets.xcassets */; };
		F373710D23289493005B80D5 /* LaunchScreen.storyboard in Resources */ = {isa = PBXBuildFile; fileRef = F373710B23289493005B80D5 /* LaunchScreen.storyboard */; };
		F373711823289493005B80D5 /* LandmarksTests.swift in Sources */ = {isa = PBXBuildFile; fileRef = F373711723289493005B80D5 /* LandmarksTests.swift */; };
		F373712323289493005B80D5 /* LandmarksUITests.swift in Sources */ = {isa = PBXBuildFile; fileRef = F373712223289493005B80D5 /* LandmarksUITests.swift */; };
		F37F6375232B830200FC6178 /* HexagonParameters.swift in Sources */ = {isa = PBXBuildFile; fileRef = F37F6374232B830200FC6178 /* HexagonParameters.swift */; };
		F387E6B42328A1E90081186B /* CircleImage.swift in Sources */ = {isa = PBXBuildFile; fileRef = F387E6B32328A1E90081186B /* CircleImage.swift */; };
		F3A06C2F2328AC9A008CD3DC /* MapView.swift in Sources */ = {isa = PBXBuildFile; fileRef = F3A06C2E2328AC9A008CD3DC /* MapView.swift */; };
		F3A06C3223298311008CD3DC /* Landmark.swift in Sources */ = {isa = PBXBuildFile; fileRef = F3A06C3123298311008CD3DC /* Landmark.swift */; };
		F3A06C3423298A90008CD3DC /* Coordinates.swift in Sources */ = {isa = PBXBuildFile; fileRef = F3A06C3323298A90008CD3DC /* Coordinates.swift */; };
		F3A06C3723298DC8008CD3DC /* ImageStore.swift in Sources */ = {isa = PBXBuildFile; fileRef = F3A06C3623298DC8008CD3DC /* ImageStore.swift */; };
		F3A06C3A23299D97008CD3DC /* landmarkData.json in Resources */ = {isa = PBXBuildFile; fileRef = F3A06C3923299D97008CD3DC /* landmarkData.json */; };
		F3A06C3D2329BA63008CD3DC /* LandmarkRow.swift in Sources */ = {isa = PBXBuildFile; fileRef = F3A06C3C2329BA63008CD3DC /* LandmarkRow.swift */; };
		F3A06C3F2329BCB9008CD3DC /* DataLoader.swift in Sources */ = {isa = PBXBuildFile; fileRef = F3A06C3E2329BCB9008CD3DC /* DataLoader.swift */; };
		F3A06C412329F5E1008CD3DC /* README.md in Resources */ = {isa = PBXBuildFile; fileRef = F3A06C402329F5E1008CD3DC /* README.md */; };
		F3A06C432329F71E008CD3DC /* LandmarkList.swift in Sources */ = {isa = PBXBuildFile; fileRef = F3A06C422329F71E008CD3DC /* LandmarkList.swift */; };
		F3CB91BD232A16EF00489F36 /* chincoteague.jpg in Resources */ = {isa = PBXBuildFile; fileRef = F3CB91B1232A16EC00489F36 /* chincoteague.jpg */; };
		F3CB91BE232A16EF00489F36 /* hiddenlake.jpg in Resources */ = {isa = PBXBuildFile; fileRef = F3CB91B2232A16EC00489F36 /* hiddenlake.jpg */; };
		F3CB91BF232A16EF00489F36 /* chilkoottrail.jpg in Resources */ = {isa = PBXBuildFile; fileRef = F3CB91B3232A16EC00489F36 /* chilkoottrail.jpg */; };
		F3CB91C0232A16EF00489F36 /* silversalmoncreek.jpg in Resources */ = {isa = PBXBuildFile; fileRef = F3CB91B4232A16ED00489F36 /* silversalmoncreek.jpg */; };
		F3CB91C1232A16EF00489F36 /* umbagog.jpg in Resources */ = {isa = PBXBuildFile; fileRef = F3CB91B5232A16ED00489F36 /* umbagog.jpg */; };
		F3CB91C2232A16EF00489F36 /* lakemcdonald.jpg in Resources */ = {isa = PBXBuildFile; fileRef = F3CB91B6232A16ED00489F36 /* lakemcdonald.jpg */; };
		F3CB91C3232A16EF00489F36 /* twinlake.jpg in Resources */ = {isa = PBXBuildFile; fileRef = F3CB91B7232A16ED00489F36 /* twinlake.jpg */; };
		F3CB91C4232A16EF00489F36 /* rainbowlake.jpg in Resources */ = {isa = PBXBuildFile; fileRef = F3CB91B8232A16EE00489F36 /* rainbowlake.jpg */; };
		F3CB91C5232A16EF00489F36 /* stmarylake.jpg in Resources */ = {isa = PBXBuildFile; fileRef = F3CB91B9232A16EE00489F36 /* stmarylake.jpg */; };
		F3CB91C6232A16EF00489F36 /* icybay.jpg in Resources */ = {isa = PBXBuildFile; fileRef = F3CB91BA232A16EE00489F36 /* icybay.jpg */; };
		F3CB91C7232A16EF00489F36 /* yukon_charleyrivers.jpg in Resources */ = {isa = PBXBuildFile; fileRef = F3CB91BB232A16EF00489F36 /* yukon_charleyrivers.jpg */; };
		F3CB91C8232A16EF00489F36 /* turtlerock.jpg in Resources */ = {isa = PBXBuildFile; fileRef = F3CB91BC232A16EF00489F36 /* turtlerock.jpg */; };
		F3CB91CB232A26E300489F36 /* UserDataStore.swift in Sources */ = {isa = PBXBuildFile; fileRef = F3CB91CA232A26E300489F36 /* UserDataStore.swift */; };
		F3CB91CD232B0A5100489F36 /* charleyrivers.jpg in Resources */ = {isa = PBXBuildFile; fileRef = F3CB91CC232B0A5100489F36 /* charleyrivers.jpg */; };
/* End PBXBuildFile section */

/* Begin PBXContainerItemProxy section */
		F373711423289493005B80D5 /* PBXContainerItemProxy */ = {
			isa = PBXContainerItemProxy;
			containerPortal = F37370F523289490005B80D5 /* Project object */;
			proxyType = 1;
			remoteGlobalIDString = F37370FC23289490005B80D5;
			remoteInfo = Landmarks;
		};
		F373711F23289493005B80D5 /* PBXContainerItemProxy */ = {
			isa = PBXContainerItemProxy;
			containerPortal = F37370F523289490005B80D5 /* Project object */;
			proxyType = 1;
			remoteGlobalIDString = F37370FC23289490005B80D5;
			remoteInfo = Landmarks;
		};
/* End PBXContainerItemProxy section */

/* Begin PBXFileReference section */
		F33EE9B3232B9BE000C4BAF1 /* BadgeBackground.swift */ = {isa = PBXFileReference; fileEncoding = 4; lastKnownFileType = sourcecode.swift; path = BadgeBackground.swift; sourceTree = "<group>"; };
		F33EE9B5232B9C4B00C4BAF1 /* Badge.swift */ = {isa = PBXFileReference; lastKnownFileType = sourcecode.swift; path = Badge.swift; sourceTree = "<group>"; };
		F33EE9B7232B9CDD00C4BAF1 /* BadgeSymbol.swift */ = {isa = PBXFileReference; lastKnownFileType = sourcecode.swift; path = BadgeSymbol.swift; sourceTree = "<group>"; };
		F33EE9BA232BA88500C4BAF1 /* Colors.xcassets */ = {isa = PBXFileReference; lastKnownFileType = folder.assetcatalog; path = Colors.xcassets; sourceTree = "<group>"; };
		F33EE9BC232BBBDF00C4BAF1 /* RotatedBadgeSymbol.swift */ = {isa = PBXFileReference; lastKnownFileType = sourcecode.swift; path = RotatedBadgeSymbol.swift; sourceTree = "<group>"; };
		F37370FD23289490005B80D5 /* Landmarks.app */ = {isa = PBXFileReference; explicitFileType = wrapper.application; includeInIndex = 0; path = Landmarks.app; sourceTree = BUILT_PRODUCTS_DIR; };
		F373710023289490005B80D5 /* AppDelegate.swift */ = {isa = PBXFileReference; lastKnownFileType = sourcecode.swift; path = AppDelegate.swift; sourceTree = "<group>"; };
		F373710223289490005B80D5 /* SceneDelegate.swift */ = {isa = PBXFileReference; lastKnownFileType = sourcecode.swift; path = SceneDelegate.swift; sourceTree = "<group>"; };
		F373710423289490005B80D5 /* LandmarkDetail.swift */ = {isa = PBXFileReference; lastKnownFileType = sourcecode.swift; path = LandmarkDetail.swift; sourceTree = "<group>"; };
		F373710623289493005B80D5 /* Assets.xcassets */ = {isa = PBXFileReference; lastKnownFileType = folder.assetcatalog; path = Assets.xcassets; sourceTree = "<group>"; };
		F373710923289493005B80D5 /* Preview Assets.xcassets */ = {isa = PBXFileReference; lastKnownFileType = folder.assetcatalog; path = "Preview Assets.xcassets"; sourceTree = "<group>"; };
		F373710C23289493005B80D5 /* Base */ = {isa = PBXFileReference; lastKnownFileType = file.storyboard; name = Base; path = Base.lproj/LaunchScreen.storyboard; sourceTree = "<group>"; };
		F373710E23289493005B80D5 /* Info.plist */ = {isa = PBXFileReference; lastKnownFileType = text.plist.xml; path = Info.plist; sourceTree = "<group>"; };
		F373711323289493005B80D5 /* LandmarksTests.xctest */ = {isa = PBXFileReference; explicitFileType = wrapper.cfbundle; includeInIndex = 0; path = LandmarksTests.xctest; sourceTree = BUILT_PRODUCTS_DIR; };
		F373711723289493005B80D5 /* LandmarksTests.swift */ = {isa = PBXFileReference; lastKnownFileType = sourcecode.swift; path = LandmarksTests.swift; sourceTree = "<group>"; };
		F373711923289493005B80D5 /* Info.plist */ = {isa = PBXFileReference; lastKnownFileType = text.plist.xml; path = Info.plist; sourceTree = "<group>"; };
		F373711E23289493005B80D5 /* LandmarksUITests.xctest */ = {isa = PBXFileReference; explicitFileType = wrapper.cfbundle; includeInIndex = 0; path = LandmarksUITests.xctest; sourceTree = BUILT_PRODUCTS_DIR; };
		F373712223289493005B80D5 /* LandmarksUITests.swift */ = {isa = PBXFileReference; lastKnownFileType = sourcecode.swift; path = LandmarksUITests.swift; sourceTree = "<group>"; };
		F373712423289493005B80D5 /* Info.plist */ = {isa = PBXFileReference; lastKnownFileType = text.plist.xml; path = Info.plist; sourceTree = "<group>"; };
		F37F6374232B830200FC6178 /* HexagonParameters.swift */ = {isa = PBXFileReference; lastKnownFileType = sourcecode.swift; path = HexagonParameters.swift; sourceTree = "<group>"; };
		F387E6B32328A1E90081186B /* CircleImage.swift */ = {isa = PBXFileReference; lastKnownFileType = sourcecode.swift; path = CircleImage.swift; sourceTree = "<group>"; };
		F3A06C2E2328AC9A008CD3DC /* MapView.swift */ = {isa = PBXFileReference; lastKnownFileType = sourcecode.swift; path = MapView.swift; sourceTree = "<group>"; };
		F3A06C3123298311008CD3DC /* Landmark.swift */ = {isa = PBXFileReference; lastKnownFileType = sourcecode.swift; path = Landmark.swift; sourceTree = "<group>"; };
		F3A06C3323298A90008CD3DC /* Coordinates.swift */ = {isa = PBXFileReference; lastKnownFileType = sourcecode.swift; path = Coordinates.swift; sourceTree = "<group>"; };
		F3A06C3623298DC8008CD3DC /* ImageStore.swift */ = {isa = PBXFileReference; lastKnownFileType = sourcecode.swift; path = ImageStore.swift; sourceTree = "<group>"; };
		F3A06C3923299D97008CD3DC /* landmarkData.json */ = {isa = PBXFileReference; fileEncoding = 4; lastKnownFileType = text.json; path = landmarkData.json; sourceTree = "<group>"; };
		F3A06C3C2329BA63008CD3DC /* LandmarkRow.swift */ = {isa = PBXFileReference; lastKnownFileType = sourcecode.swift; path = LandmarkRow.swift; sourceTree = "<group>"; };
		F3A06C3E2329BCB9008CD3DC /* DataLoader.swift */ = {isa = PBXFileReference; lastKnownFileType = sourcecode.swift; path = DataLoader.swift; sourceTree = "<group>"; };
		F3A06C402329F5E1008CD3DC /* README.md */ = {isa = PBXFileReference; fileEncoding = 4; lastKnownFileType = net.daringfireball.markdown; path = README.md; sourceTree = "<group>"; };
		F3A06C422329F71E008CD3DC /* LandmarkList.swift */ = {isa = PBXFileReference; lastKnownFileType = sourcecode.swift; path = LandmarkList.swift; sourceTree = "<group>"; };
		F3CB91B1232A16EC00489F36 /* chincoteague.jpg */ = {isa = PBXFileReference; lastKnownFileType = image.jpeg; name = chincoteague.jpg; path = Resources/AssetImages/chincoteague.jpg; sourceTree = SOURCE_ROOT; };
		F3CB91B2232A16EC00489F36 /* hiddenlake.jpg */ = {isa = PBXFileReference; lastKnownFileType = image.jpeg; name = hiddenlake.jpg; path = Resources/AssetImages/hiddenlake.jpg; sourceTree = SOURCE_ROOT; };
		F3CB91B3232A16EC00489F36 /* chilkoottrail.jpg */ = {isa = PBXFileReference; lastKnownFileType = image.jpeg; name = chilkoottrail.jpg; path = Resources/AssetImages/chilkoottrail.jpg; sourceTree = SOURCE_ROOT; };
		F3CB91B4232A16ED00489F36 /* silversalmoncreek.jpg */ = {isa = PBXFileReference; lastKnownFileType = image.jpeg; name = silversalmoncreek.jpg; path = Resources/AssetImages/silversalmoncreek.jpg; sourceTree = SOURCE_ROOT; };
		F3CB91B5232A16ED00489F36 /* umbagog.jpg */ = {isa = PBXFileReference; lastKnownFileType = image.jpeg; name = umbagog.jpg; path = Resources/AssetImages/umbagog.jpg; sourceTree = SOURCE_ROOT; };
		F3CB91B6232A16ED00489F36 /* lakemcdonald.jpg */ = {isa = PBXFileReference; lastKnownFileType = image.jpeg; name = lakemcdonald.jpg; path = Resources/AssetImages/lakemcdonald.jpg; sourceTree = SOURCE_ROOT; };
		F3CB91B7232A16ED00489F36 /* twinlake.jpg */ = {isa = PBXFileReference; lastKnownFileType = image.jpeg; name = twinlake.jpg; path = Resources/AssetImages/twinlake.jpg; sourceTree = SOURCE_ROOT; };
		F3CB91B8232A16EE00489F36 /* rainbowlake.jpg */ = {isa = PBXFileReference; lastKnownFileType = image.jpeg; name = rainbowlake.jpg; path = Resources/AssetImages/rainbowlake.jpg; sourceTree = SOURCE_ROOT; };
		F3CB91B9232A16EE00489F36 /* stmarylake.jpg */ = {isa = PBXFileReference; lastKnownFileType = image.jpeg; name = stmarylake.jpg; path = Resources/AssetImages/stmarylake.jpg; sourceTree = SOURCE_ROOT; };
		F3CB91BA232A16EE00489F36 /* icybay.jpg */ = {isa = PBXFileReference; lastKnownFileType = image.jpeg; name = icybay.jpg; path = Resources/AssetImages/icybay.jpg; sourceTree = SOURCE_ROOT; };
		F3CB91BB232A16EF00489F36 /* yukon_charleyrivers.jpg */ = {isa = PBXFileReference; lastKnownFileType = image.jpeg; name = yukon_charleyrivers.jpg; path = Resources/AssetImages/yukon_charleyrivers.jpg; sourceTree = SOURCE_ROOT; };
		F3CB91BC232A16EF00489F36 /* turtlerock.jpg */ = {isa = PBXFileReference; lastKnownFileType = image.jpeg; name = turtlerock.jpg; path = Resources/AssetImages/turtlerock.jpg; sourceTree = SOURCE_ROOT; };
		F3CB91CA232A26E300489F36 /* UserDataStore.swift */ = {isa = PBXFileReference; lastKnownFileType = sourcecode.swift; path = UserDataStore.swift; sourceTree = "<group>"; };
		F3CB91CC232B0A5100489F36 /* charleyrivers.jpg */ = {isa = PBXFileReference; lastKnownFileType = image.jpeg; name = charleyrivers.jpg; path = Resources/AssetImages/charleyrivers.jpg; sourceTree = SOURCE_ROOT; };
/* End PBXFileReference section */

/* Begin PBXFrameworksBuildPhase section */
		F37370FA23289490005B80D5 /* Frameworks */ = {
			isa = PBXFrameworksBuildPhase;
			buildActionMask = 2147483647;
			files = (
			);
			runOnlyForDeploymentPostprocessing = 0;
		};
		F373711023289493005B80D5 /* Frameworks */ = {
			isa = PBXFrameworksBuildPhase;
			buildActionMask = 2147483647;
			files = (
			);
			runOnlyForDeploymentPostprocessing = 0;
		};
		F373711B23289493005B80D5 /* Frameworks */ = {
			isa = PBXFrameworksBuildPhase;
			buildActionMask = 2147483647;
			files = (
			);
			runOnlyForDeploymentPostprocessing = 0;
		};
/* End PBXFrameworksBuildPhase section */

/* Begin PBXGroup section */
		F33EE9B2232B9B8200C4BAF1 /* Badge */ = {
			isa = PBXGroup;
			children = (
				F33EE9B3232B9BE000C4BAF1 /* BadgeBackground.swift */,
				F33EE9B5232B9C4B00C4BAF1 /* Badge.swift */,
				F33EE9B7232B9CDD00C4BAF1 /* BadgeSymbol.swift */,
				F33EE9BC232BBBDF00C4BAF1 /* RotatedBadgeSymbol.swift */,
			);
			path = Badge;
			sourceTree = "<group>";
		};
		F37370F423289490005B80D5 = {
			isa = PBXGroup;
			children = (
				F3A06C402329F5E1008CD3DC /* README.md */,
				F37370FF23289490005B80D5 /* Landmarks */,
				F373711623289493005B80D5 /* LandmarksTests */,
				F373712123289493005B80D5 /* LandmarksUITests */,
				F37370FE23289490005B80D5 /* Products */,
			);
			sourceTree = "<group>";
		};
		F37370FE23289490005B80D5 /* Products */ = {
			isa = PBXGroup;
			children = (
				F37370FD23289490005B80D5 /* Landmarks.app */,
				F373711323289493005B80D5 /* LandmarksTests.xctest */,
				F373711E23289493005B80D5 /* LandmarksUITests.xctest */,
			);
			name = Products;
			sourceTree = "<group>";
		};
		F37370FF23289490005B80D5 /* Landmarks */ = {
			isa = PBXGroup;
			children = (
				F3A06C3523298DB4008CD3DC /* Reusables */,
				F3A06C30232982E7008CD3DC /* Models */,
				F373710E23289493005B80D5 /* Info.plist */,
				F373710023289490005B80D5 /* AppDelegate.swift */,
				F373710223289490005B80D5 /* SceneDelegate.swift */,
				F387E6B02328A0640081186B /* Content */,
				F373710823289493005B80D5 /* Preview Content */,
				F387E6B12328A0710081186B /* Scenes */,
			);
			path = Landmarks;
			sourceTree = "<group>";
		};
		F373710823289493005B80D5 /* Preview Content */ = {
			isa = PBXGroup;
			children = (
				F373710923289493005B80D5 /* Preview Assets.xcassets */,
			);
			path = "Preview Content";
			sourceTree = "<group>";
		};
		F373711623289493005B80D5 /* LandmarksTests */ = {
			isa = PBXGroup;
			children = (
				F373711723289493005B80D5 /* LandmarksTests.swift */,
				F373711923289493005B80D5 /* Info.plist */,
			);
			path = LandmarksTests;
			sourceTree = "<group>";
		};
		F373712123289493005B80D5 /* LandmarksUITests */ = {
			isa = PBXGroup;
			children = (
				F373712223289493005B80D5 /* LandmarksUITests.swift */,
				F373712423289493005B80D5 /* Info.plist */,
			);
			path = LandmarksUITests;
			sourceTree = "<group>";
		};
		F37F6373232B82EA00FC6178 /* Shapes */ = {
			isa = PBXGroup;
			children = (
				F37F6374232B830200FC6178 /* HexagonParameters.swift */,
			);
			path = Shapes;
			sourceTree = "<group>";
		};
		F387E6B02328A0640081186B /* Content */ = {
			isa = PBXGroup;
			children = (
				F3CB91B0232A16BC00489F36 /* Resources */,
				F373710623289493005B80D5 /* Assets.xcassets */,
				F3A06C3923299D97008CD3DC /* landmarkData.json */,
				F33EE9BA232BA88500C4BAF1 /* Colors.xcassets */,
			);
			path = Content;
			sourceTree = "<group>";
		};
		F387E6B12328A0710081186B /* Scenes */ = {
			isa = PBXGroup;
			children = (
				F3A06C3B23299DF3008CD3DC /* Landmarks */,
				F373710B23289493005B80D5 /* LaunchScreen.storyboard */,
			);
			path = Scenes;
			sourceTree = "<group>";
		};
		F387E6B22328A19A0081186B /* Views */ = {
			isa = PBXGroup;
			children = (
				F33EE9B2232B9B8200C4BAF1 /* Badge */,
				F387E6B32328A1E90081186B /* CircleImage.swift */,
				F3A06C2E2328AC9A008CD3DC /* MapView.swift */,
				F3A06C3C2329BA63008CD3DC /* LandmarkRow.swift */,
			);
			path = Views;
			sourceTree = "<group>";
		};
		F3A06C30232982E7008CD3DC /* Models */ = {
			isa = PBXGroup;
			children = (
				F3CB91C9232A26D300489F36 /* Stores */,
				F3A06C3123298311008CD3DC /* Landmark.swift */,
				F3A06C3323298A90008CD3DC /* Coordinates.swift */,
			);
			path = Models;
			sourceTree = "<group>";
		};
		F3A06C3523298DB4008CD3DC /* Reusables */ = {
			isa = PBXGroup;
			children = (
				F37F6373232B82EA00FC6178 /* Shapes */,
				F3A06C3E2329BCB9008CD3DC /* DataLoader.swift */,
				F3A06C3623298DC8008CD3DC /* ImageStore.swift */,
				F387E6B22328A19A0081186B /* Views */,
			);
			path = Reusables;
			sourceTree = "<group>";
		};
		F3A06C3B23299DF3008CD3DC /* Landmarks */ = {
			isa = PBXGroup;
			children = (
				F373710423289490005B80D5 /* LandmarkDetail.swift */,
				F3A06C422329F71E008CD3DC /* LandmarkList.swift */,
			);
			path = Landmarks;
			sourceTree = "<group>";
		};
		F3CB91B0232A16BC00489F36 /* Resources */ = {
			isa = PBXGroup;
			children = (
				F3CB91CC232B0A5100489F36 /* charleyrivers.jpg */,
				F3CB91B3232A16EC00489F36 /* chilkoottrail.jpg */,
				F3CB91B1232A16EC00489F36 /* chincoteague.jpg */,
				F3CB91B2232A16EC00489F36 /* hiddenlake.jpg */,
				F3CB91BA232A16EE00489F36 /* icybay.jpg */,
				F3CB91B6232A16ED00489F36 /* lakemcdonald.jpg */,
				F3CB91B8232A16EE00489F36 /* rainbowlake.jpg */,
				F3CB91B4232A16ED00489F36 /* silversalmoncreek.jpg */,
				F3CB91B9232A16EE00489F36 /* stmarylake.jpg */,
				F3CB91BC232A16EF00489F36 /* turtlerock.jpg */,
				F3CB91B7232A16ED00489F36 /* twinlake.jpg */,
				F3CB91B5232A16ED00489F36 /* umbagog.jpg */,
				F3CB91BB232A16EF00489F36 /* yukon_charleyrivers.jpg */,
			);
			path = Resources;
			sourceTree = "<group>";
		};
		F3CB91C9232A26D300489F36 /* Stores */ = {
			isa = PBXGroup;
			children = (
				F3CB91CA232A26E300489F36 /* UserDataStore.swift */,
			);
			path = Stores;
			sourceTree = "<group>";
		};
/* End PBXGroup section */

/* Begin PBXNativeTarget section */
		F37370FC23289490005B80D5 /* Landmarks */ = {
			isa = PBXNativeTarget;
			buildConfigurationList = F373712723289493005B80D5 /* Build configuration list for PBXNativeTarget "Landmarks" */;
			buildPhases = (
				F37370F923289490005B80D5 /* Sources */,
				F37370FA23289490005B80D5 /* Frameworks */,
				F37370FB23289490005B80D5 /* Resources */,
			);
			buildRules = (
			);
			dependencies = (
			);
			name = Landmarks;
			productName = Landmarks;
			productReference = F37370FD23289490005B80D5 /* Landmarks.app */;
			productType = "com.apple.product-type.application";
		};
		F373711223289493005B80D5 /* LandmarksTests */ = {
			isa = PBXNativeTarget;
			buildConfigurationList = F373712A23289493005B80D5 /* Build configuration list for PBXNativeTarget "LandmarksTests" */;
			buildPhases = (
				F373710F23289493005B80D5 /* Sources */,
				F373711023289493005B80D5 /* Frameworks */,
				F373711123289493005B80D5 /* Resources */,
			);
			buildRules = (
			);
			dependencies = (
				F373711523289493005B80D5 /* PBXTargetDependency */,
			);
			name = LandmarksTests;
			productName = LandmarksTests;
			productReference = F373711323289493005B80D5 /* LandmarksTests.xctest */;
			productType = "com.apple.product-type.bundle.unit-test";
		};
		F373711D23289493005B80D5 /* LandmarksUITests */ = {
			isa = PBXNativeTarget;
			buildConfigurationList = F373712D23289493005B80D5 /* Build configuration list for PBXNativeTarget "LandmarksUITests" */;
			buildPhases = (
				F373711A23289493005B80D5 /* Sources */,
				F373711B23289493005B80D5 /* Frameworks */,
				F373711C23289493005B80D5 /* Resources */,
			);
			buildRules = (
			);
			dependencies = (
				F373712023289493005B80D5 /* PBXTargetDependency */,
			);
			name = LandmarksUITests;
			productName = LandmarksUITests;
			productReference = F373711E23289493005B80D5 /* LandmarksUITests.xctest */;
			productType = "com.apple.product-type.bundle.ui-testing";
		};
/* End PBXNativeTarget section */

/* Begin PBXProject section */
		F37370F523289490005B80D5 /* Project object */ = {
			isa = PBXProject;
			attributes = {
				LastSwiftUpdateCheck = 1100;
				LastUpgradeCheck = 1100;
				ORGANIZATIONNAME = CypherPoet;
				TargetAttributes = {
					F37370FC23289490005B80D5 = {
						CreatedOnToolsVersion = 11.0;
					};
					F373711223289493005B80D5 = {
						CreatedOnToolsVersion = 11.0;
						TestTargetID = F37370FC23289490005B80D5;
					};
					F373711D23289493005B80D5 = {
						CreatedOnToolsVersion = 11.0;
						TestTargetID = F37370FC23289490005B80D5;
					};
				};
			};
			buildConfigurationList = F37370F823289490005B80D5 /* Build configuration list for PBXProject "Landmarks" */;
			compatibilityVersion = "Xcode 9.3";
			developmentRegion = en;
			hasScannedForEncodings = 0;
			knownRegions = (
				en,
				Base,
			);
			mainGroup = F37370F423289490005B80D5;
			productRefGroup = F37370FE23289490005B80D5 /* Products */;
			projectDirPath = "";
			projectRoot = "";
			targets = (
				F37370FC23289490005B80D5 /* Landmarks */,
				F373711223289493005B80D5 /* LandmarksTests */,
				F373711D23289493005B80D5 /* LandmarksUITests */,
			);
		};
/* End PBXProject section */

/* Begin PBXResourcesBuildPhase section */
		F37370FB23289490005B80D5 /* Resources */ = {
			isa = PBXResourcesBuildPhase;
			buildActionMask = 2147483647;
			files = (
				F3CB91BD232A16EF00489F36 /* chincoteague.jpg in Resources */,
				F3CB91BF232A16EF00489F36 /* chilkoottrail.jpg in Resources */,
				F373710D23289493005B80D5 /* LaunchScreen.storyboard in Resources */,
				F3CB91CD232B0A5100489F36 /* charleyrivers.jpg in Resources */,
				F3CB91C0232A16EF00489F36 /* silversalmoncreek.jpg in Resources */,
				F3CB91C1232A16EF00489F36 /* umbagog.jpg in Resources */,
				F3CB91C4232A16EF00489F36 /* rainbowlake.jpg in Resources */,
				F3CB91C5232A16EF00489F36 /* stmarylake.jpg in Resources */,
				F3A06C3A23299D97008CD3DC /* landmarkData.json in Resources */,
				F3CB91C3232A16EF00489F36 /* twinlake.jpg in Resources */,
				F3A06C412329F5E1008CD3DC /* README.md in Resources */,
				F3CB91C2232A16EF00489F36 /* lakemcdonald.jpg in Resources */,
				F33EE9BB232BA88500C4BAF1 /* Colors.xcassets in Resources */,
				F373710A23289493005B80D5 /* Preview Assets.xcassets in Resources */,
				F373710723289493005B80D5 /* Assets.xcassets in Resources */,
				F3CB91C6232A16EF00489F36 /* icybay.jpg in Resources */,
				F3CB91C7232A16EF00489F36 /* yukon_charleyrivers.jpg in Resources */,
				F3CB91C8232A16EF00489F36 /* turtlerock.jpg in Resources */,
				F3CB91BE232A16EF00489F36 /* hiddenlake.jpg in Resources */,
			);
			runOnlyForDeploymentPostprocessing = 0;
		};
		F373711123289493005B80D5 /* Resources */ = {
			isa = PBXResourcesBuildPhase;
			buildActionMask = 2147483647;
			files = (
			);
			runOnlyForDeploymentPostprocessing = 0;
		};
		F373711C23289493005B80D5 /* Resources */ = {
			isa = PBXResourcesBuildPhase;
			buildActionMask = 2147483647;
			files = (
			);
			runOnlyForDeploymentPostprocessing = 0;
		};
/* End PBXResourcesBuildPhase section */

/* Begin PBXSourcesBuildPhase section */
		F37370F923289490005B80D5 /* Sources */ = {
			isa = PBXSourcesBuildPhase;
			buildActionMask = 2147483647;
			files = (
				F37F6375232B830200FC6178 /* HexagonParameters.swift in Sources */,
				F33EE9B6232B9C4B00C4BAF1 /* Badge.swift in Sources */,
				F3A06C3F2329BCB9008CD3DC /* DataLoader.swift in Sources */,
				F3A06C432329F71E008CD3DC /* LandmarkList.swift in Sources */,
				F3A06C3723298DC8008CD3DC /* ImageStore.swift in Sources */,
				F33EE9BD232BBBDF00C4BAF1 /* RotatedBadgeSymbol.swift in Sources */,
				F33EE9B8232B9CDD00C4BAF1 /* BadgeSymbol.swift in Sources */,
				F373710123289490005B80D5 /* AppDelegate.swift in Sources */,
				F387E6B42328A1E90081186B /* CircleImage.swift in Sources */,
				F3A06C3423298A90008CD3DC /* Coordinates.swift in Sources */,
				F3CB91CB232A26E300489F36 /* UserDataStore.swift in Sources */,
				F3A06C2F2328AC9A008CD3DC /* MapView.swift in Sources */,
				F33EE9B4232B9BE000C4BAF1 /* BadgeBackground.swift in Sources */,
				F373710323289490005B80D5 /* SceneDelegate.swift in Sources */,
				F373710523289490005B80D5 /* LandmarkDetail.swift in Sources */,
				F3A06C3223298311008CD3DC /* Landmark.swift in Sources */,
				F3A06C3D2329BA63008CD3DC /* LandmarkRow.swift in Sources */,
			);
			runOnlyForDeploymentPostprocessing = 0;
		};
		F373710F23289493005B80D5 /* Sources */ = {
			isa = PBXSourcesBuildPhase;
			buildActionMask = 2147483647;
			files = (
				F373711823289493005B80D5 /* LandmarksTests.swift in Sources */,
			);
			runOnlyForDeploymentPostprocessing = 0;
		};
		F373711A23289493005B80D5 /* Sources */ = {
			isa = PBXSourcesBuildPhase;
			buildActionMask = 2147483647;
			files = (
				F373712323289493005B80D5 /* LandmarksUITests.swift in Sources */,
			);
			runOnlyForDeploymentPostprocessing = 0;
		};
/* End PBXSourcesBuildPhase section */

/* Begin PBXTargetDependency section */
		F373711523289493005B80D5 /* PBXTargetDependency */ = {
			isa = PBXTargetDependency;
			target = F37370FC23289490005B80D5 /* Landmarks */;
			targetProxy = F373711423289493005B80D5 /* PBXContainerItemProxy */;
		};
		F373712023289493005B80D5 /* PBXTargetDependency */ = {
			isa = PBXTargetDependency;
			target = F37370FC23289490005B80D5 /* Landmarks */;
			targetProxy = F373711F23289493005B80D5 /* PBXContainerItemProxy */;
		};
/* End PBXTargetDependency section */

/* Begin PBXVariantGroup section */
		F373710B23289493005B80D5 /* LaunchScreen.storyboard */ = {
			isa = PBXVariantGroup;
			children = (
				F373710C23289493005B80D5 /* Base */,
			);
			name = LaunchScreen.storyboard;
			sourceTree = "<group>";
		};
/* End PBXVariantGroup section */

/* Begin XCBuildConfiguration section */
		F373712523289493005B80D5 /* Debug */ = {
			isa = XCBuildConfiguration;
			buildSettings = {
				ALWAYS_SEARCH_USER_PATHS = NO;
				CLANG_ANALYZER_NONNULL = YES;
				CLANG_ANALYZER_NUMBER_OBJECT_CONVERSION = YES_AGGRESSIVE;
				CLANG_CXX_LANGUAGE_STANDARD = "gnu++14";
				CLANG_CXX_LIBRARY = "libc++";
				CLANG_ENABLE_MODULES = YES;
				CLANG_ENABLE_OBJC_ARC = YES;
				CLANG_ENABLE_OBJC_WEAK = YES;
				CLANG_WARN_BLOCK_CAPTURE_AUTORELEASING = YES;
				CLANG_WARN_BOOL_CONVERSION = YES;
				CLANG_WARN_COMMA = YES;
				CLANG_WARN_CONSTANT_CONVERSION = YES;
				CLANG_WARN_DEPRECATED_OBJC_IMPLEMENTATIONS = YES;
				CLANG_WARN_DIRECT_OBJC_ISA_USAGE = YES_ERROR;
				CLANG_WARN_DOCUMENTATION_COMMENTS = YES;
				CLANG_WARN_EMPTY_BODY = YES;
				CLANG_WARN_ENUM_CONVERSION = YES;
				CLANG_WARN_INFINITE_RECURSION = YES;
				CLANG_WARN_INT_CONVERSION = YES;
				CLANG_WARN_NON_LITERAL_NULL_CONVERSION = YES;
				CLANG_WARN_OBJC_IMPLICIT_RETAIN_SELF = YES;
				CLANG_WARN_OBJC_LITERAL_CONVERSION = YES;
				CLANG_WARN_OBJC_ROOT_CLASS = YES_ERROR;
				CLANG_WARN_RANGE_LOOP_ANALYSIS = YES;
				CLANG_WARN_STRICT_PROTOTYPES = YES;
				CLANG_WARN_SUSPICIOUS_MOVE = YES;
				CLANG_WARN_UNGUARDED_AVAILABILITY = YES_AGGRESSIVE;
				CLANG_WARN_UNREACHABLE_CODE = YES;
				CLANG_WARN__DUPLICATE_METHOD_MATCH = YES;
				COPY_PHASE_STRIP = NO;
				DEBUG_INFORMATION_FORMAT = dwarf;
				ENABLE_STRICT_OBJC_MSGSEND = YES;
				ENABLE_TESTABILITY = YES;
				GCC_C_LANGUAGE_STANDARD = gnu11;
				GCC_DYNAMIC_NO_PIC = NO;
				GCC_NO_COMMON_BLOCKS = YES;
				GCC_OPTIMIZATION_LEVEL = 0;
				GCC_PREPROCESSOR_DEFINITIONS = (
					"DEBUG=1",
					"$(inherited)",
				);
				GCC_WARN_64_TO_32_BIT_CONVERSION = YES;
				GCC_WARN_ABOUT_RETURN_TYPE = YES_ERROR;
				GCC_WARN_UNDECLARED_SELECTOR = YES;
				GCC_WARN_UNINITIALIZED_AUTOS = YES_AGGRESSIVE;
				GCC_WARN_UNUSED_FUNCTION = YES;
				GCC_WARN_UNUSED_VARIABLE = YES;
				IPHONEOS_DEPLOYMENT_TARGET = 13.0;
				MTL_ENABLE_DEBUG_INFO = INCLUDE_SOURCE;
				MTL_FAST_MATH = YES;
				ONLY_ACTIVE_ARCH = YES;
				SDKROOT = iphoneos;
				SWIFT_ACTIVE_COMPILATION_CONDITIONS = DEBUG;
				SWIFT_OPTIMIZATION_LEVEL = "-Onone";
			};
			name = Debug;
		};
		F373712623289493005B80D5 /* Release */ = {
			isa = XCBuildConfiguration;
			buildSettings = {
				ALWAYS_SEARCH_USER_PATHS = NO;
				CLANG_ANALYZER_NONNULL = YES;
				CLANG_ANALYZER_NUMBER_OBJECT_CONVERSION = YES_AGGRESSIVE;
				CLANG_CXX_LANGUAGE_STANDARD = "gnu++14";
				CLANG_CXX_LIBRARY = "libc++";
				CLANG_ENABLE_MODULES = YES;
				CLANG_ENABLE_OBJC_ARC = YES;
				CLANG_ENABLE_OBJC_WEAK = YES;
				CLANG_WARN_BLOCK_CAPTURE_AUTORELEASING = YES;
				CLANG_WARN_BOOL_CONVERSION = YES;
				CLANG_WARN_COMMA = YES;
				CLANG_WARN_CONSTANT_CONVERSION = YES;
				CLANG_WARN_DEPRECATED_OBJC_IMPLEMENTATIONS = YES;
				CLANG_WARN_DIRECT_OBJC_ISA_USAGE = YES_ERROR;
				CLANG_WARN_DOCUMENTATION_COMMENTS = YES;
				CLANG_WARN_EMPTY_BODY = YES;
				CLANG_WARN_ENUM_CONVERSION = YES;
				CLANG_WARN_INFINITE_RECURSION = YES;
				CLANG_WARN_INT_CONVERSION = YES;
				CLANG_WARN_NON_LITERAL_NULL_CONVERSION = YES;
				CLANG_WARN_OBJC_IMPLICIT_RETAIN_SELF = YES;
				CLANG_WARN_OBJC_LITERAL_CONVERSION = YES;
				CLANG_WARN_OBJC_ROOT_CLASS = YES_ERROR;
				CLANG_WARN_RANGE_LOOP_ANALYSIS = YES;
				CLANG_WARN_STRICT_PROTOTYPES = YES;
				CLANG_WARN_SUSPICIOUS_MOVE = YES;
				CLANG_WARN_UNGUARDED_AVAILABILITY = YES_AGGRESSIVE;
				CLANG_WARN_UNREACHABLE_CODE = YES;
				CLANG_WARN__DUPLICATE_METHOD_MATCH = YES;
				COPY_PHASE_STRIP = NO;
				DEBUG_INFORMATION_FORMAT = "dwarf-with-dsym";
				ENABLE_NS_ASSERTIONS = NO;
				ENABLE_STRICT_OBJC_MSGSEND = YES;
				GCC_C_LANGUAGE_STANDARD = gnu11;
				GCC_NO_COMMON_BLOCKS = YES;
				GCC_WARN_64_TO_32_BIT_CONVERSION = YES;
				GCC_WARN_ABOUT_RETURN_TYPE = YES_ERROR;
				GCC_WARN_UNDECLARED_SELECTOR = YES;
				GCC_WARN_UNINITIALIZED_AUTOS = YES_AGGRESSIVE;
				GCC_WARN_UNUSED_FUNCTION = YES;
				GCC_WARN_UNUSED_VARIABLE = YES;
				IPHONEOS_DEPLOYMENT_TARGET = 13.0;
				MTL_ENABLE_DEBUG_INFO = NO;
				MTL_FAST_MATH = YES;
				SDKROOT = iphoneos;
				SWIFT_COMPILATION_MODE = wholemodule;
				SWIFT_OPTIMIZATION_LEVEL = "-O";
				VALIDATE_PRODUCT = YES;
			};
			name = Release;
		};
		F373712823289493005B80D5 /* Debug */ = {
			isa = XCBuildConfiguration;
			buildSettings = {
				ASSETCATALOG_COMPILER_APPICON_NAME = AppIcon;
				CODE_SIGN_STYLE = Automatic;
				DEVELOPMENT_ASSET_PATHS = "\"Landmarks/Preview Content\"";
				DEVELOPMENT_TEAM = QRXXH2RKAG;
				ENABLE_PREVIEWS = YES;
				INFOPLIST_FILE = Landmarks/Info.plist;
				LD_RUNPATH_SEARCH_PATHS = (
					"$(inherited)",
					"@executable_path/Frameworks",
				);
				PRODUCT_BUNDLE_IDENTIFIER = io.github.cypherpoet.Landmarks;
				PRODUCT_NAME = "$(TARGET_NAME)";
				SWIFT_VERSION = 5.0;
				TARGETED_DEVICE_FAMILY = "1,2";
			};
			name = Debug;
		};
		F373712923289493005B80D5 /* Release */ = {
			isa = XCBuildConfiguration;
			buildSettings = {
				ASSETCATALOG_COMPILER_APPICON_NAME = AppIcon;
				CODE_SIGN_STYLE = Automatic;
				DEVELOPMENT_ASSET_PATHS = "\"Landmarks/Preview Content\"";
				DEVELOPMENT_TEAM = QRXXH2RKAG;
				ENABLE_PREVIEWS = YES;
				INFOPLIST_FILE = Landmarks/Info.plist;
				LD_RUNPATH_SEARCH_PATHS = (
					"$(inherited)",
					"@executable_path/Frameworks",
				);
				PRODUCT_BUNDLE_IDENTIFIER = io.github.cypherpoet.Landmarks;
				PRODUCT_NAME = "$(TARGET_NAME)";
				SWIFT_VERSION = 5.0;
				TARGETED_DEVICE_FAMILY = "1,2";
			};
			name = Release;
		};
		F373712B23289493005B80D5 /* Debug */ = {
			isa = XCBuildConfiguration;
			buildSettings = {
				ALWAYS_EMBED_SWIFT_STANDARD_LIBRARIES = YES;
				BUNDLE_LOADER = "$(TEST_HOST)";
				CODE_SIGN_STYLE = Automatic;
				DEVELOPMENT_TEAM = QRXXH2RKAG;
				INFOPLIST_FILE = LandmarksTests/Info.plist;
				IPHONEOS_DEPLOYMENT_TARGET = 13.0;
				LD_RUNPATH_SEARCH_PATHS = (
					"$(inherited)",
					"@executable_path/Frameworks",
					"@loader_path/Frameworks",
				);
				PRODUCT_BUNDLE_IDENTIFIER = io.github.cypherpoet.LandmarksTests;
				PRODUCT_NAME = "$(TARGET_NAME)";
				SWIFT_VERSION = 5.0;
				TARGETED_DEVICE_FAMILY = "1,2";
				TEST_HOST = "$(BUILT_PRODUCTS_DIR)/Landmarks.app/Landmarks";
			};
			name = Debug;
		};
		F373712C23289493005B80D5 /* Release */ = {
			isa = XCBuildConfiguration;
			buildSettings = {
				ALWAYS_EMBED_SWIFT_STANDARD_LIBRARIES = YES;
				BUNDLE_LOADER = "$(TEST_HOST)";
				CODE_SIGN_STYLE = Automatic;
				DEVELOPMENT_TEAM = QRXXH2RKAG;
				INFOPLIST_FILE = LandmarksTests/Info.plist;
				IPHONEOS_DEPLOYMENT_TARGET = 13.0;
				LD_RUNPATH_SEARCH_PATHS = (
					"$(inherited)",
					"@executable_path/Frameworks",
					"@loader_path/Frameworks",
				);
				PRODUCT_BUNDLE_IDENTIFIER = io.github.cypherpoet.LandmarksTests;
				PRODUCT_NAME = "$(TARGET_NAME)";
				SWIFT_VERSION = 5.0;
				TARGETED_DEVICE_FAMILY = "1,2";
				TEST_HOST = "$(BUILT_PRODUCTS_DIR)/Landmarks.app/Landmarks";
			};
			name = Release;
		};
		F373712E23289493005B80D5 /* Debug */ = {
			isa = XCBuildConfiguration;
			buildSettings = {
				ALWAYS_EMBED_SWIFT_STANDARD_LIBRARIES = YES;
				CODE_SIGN_STYLE = Automatic;
				DEVELOPMENT_TEAM = QRXXH2RKAG;
				INFOPLIST_FILE = LandmarksUITests/Info.plist;
				LD_RUNPATH_SEARCH_PATHS = (
					"$(inherited)",
					"@executable_path/Frameworks",
					"@loader_path/Frameworks",
				);
				PRODUCT_BUNDLE_IDENTIFIER = io.github.cypherpoet.LandmarksUITests;
				PRODUCT_NAME = "$(TARGET_NAME)";
				SWIFT_VERSION = 5.0;
				TARGETED_DEVICE_FAMILY = "1,2";
				TEST_TARGET_NAME = Landmarks;
			};
			name = Debug;
		};
		F373712F23289493005B80D5 /* Release */ = {
			isa = XCBuildConfiguration;
			buildSettings = {
				ALWAYS_EMBED_SWIFT_STANDARD_LIBRARIES = YES;
				CODE_SIGN_STYLE = Automatic;
				DEVELOPMENT_TEAM = QRXXH2RKAG;
				INFOPLIST_FILE = LandmarksUITests/Info.plist;
				LD_RUNPATH_SEARCH_PATHS = (
					"$(inherited)",
					"@executable_path/Frameworks",
					"@loader_path/Frameworks",
				);
				PRODUCT_BUNDLE_IDENTIFIER = io.github.cypherpoet.LandmarksUITests;
				PRODUCT_NAME = "$(TARGET_NAME)";
				SWIFT_VERSION = 5.0;
				TARGETED_DEVICE_FAMILY = "1,2";
				TEST_TARGET_NAME = Landmarks;
			};
			name = Release;
		};
/* End XCBuildConfiguration section */

/* Begin XCConfigurationList section */
		F37370F823289490005B80D5 /* Build configuration list for PBXProject "Landmarks" */ = {
			isa = XCConfigurationList;
			buildConfigurations = (
				F373712523289493005B80D5 /* Debug */,
				F373712623289493005B80D5 /* Release */,
			);
			defaultConfigurationIsVisible = 0;
			defaultConfigurationName = Release;
		};
		F373712723289493005B80D5 /* Build configuration list for PBXNativeTarget "Landmarks" */ = {
			isa = XCConfigurationList;
			buildConfigurations = (
				F373712823289493005B80D5 /* Debug */,
				F373712923289493005B80D5 /* Release */,
			);
			defaultConfigurationIsVisible = 0;
			defaultConfigurationName = Release;
		};
		F373712A23289493005B80D5 /* Build configuration list for PBXNativeTarget "LandmarksTests" */ = {
			isa = XCConfigurationList;
			buildConfigurations = (
				F373712B23289493005B80D5 /* Debug */,
				F373712C23289493005B80D5 /* Release */,
			);
			defaultConfigurationIsVisible = 0;
			defaultConfigurationName = Release;
		};
		F373712D23289493005B80D5 /* Build configuration list for PBXNativeTarget "LandmarksUITests" */ = {
			isa = XCConfigurationList;
			buildConfigurations = (
				F373712E23289493005B80D5 /* Debug */,
				F373712F23289493005B80D5 /* Release */,
			);
			defaultConfigurationIsVisible = 0;
			defaultConfigurationName = Release;
		};
/* End XCConfigurationList section */
	};
	rootObject = F37370F523289490005B80D5 /* Project object */;
}
